
Microsoft Visual Studio Solution File, Format Version 12.00
# Visual Studio Version 17
VisualStudioVersion = 17.8.34309.116
MinimumVisualStudioVersion = 10.0.40219.1
Project("{FAE04EC0-301F-11D3-BF4B-00C04F79EFBC}") = "Hangman", "Hangman\Hangman.csproj", "{BAABC887-F892-4598-AC2E-36ADC6F31304}"
EndProject
Global
	GlobalSection(SolutionConfigurationPlatforms) = preSolution
		Debug|Any CPU = Debug|Any CPU
		Release|Any CPU = Release|Any CPU
	EndGlobalSection
	GlobalSection(ProjectConfigurationPlatforms) = postSolution
		{BAABC887-F892-4598-AC2E-36ADC6F31304}.Debug|Any CPU.ActiveCfg = Debug|Any CPU
		{BAABC887-F892-4598-AC2E-36ADC6F31304}.Debug|Any CPU.Build.0 = Debug|Any CPU
		{BAABC887-F892-4598-AC2E-36ADC6F31304}.Release|Any CPU.ActiveCfg = Release|Any CPU
		{BAABC887-F892-4598-AC2E-36ADC6F31304}.Release|Any CPU.Build.0 = Release|Any CPU
	EndGlobalSection
	GlobalSection(SolutionProperties) = preSolution
		HideSolutionNode = FALSE
	EndGlobalSection
	GlobalSection(ExtensibilityGlobals) = postSolution
		SolutionGuid = {D00D0378-0DCE-4BCC-8BF3-49DFF64E34C5}
	EndGlobalSection
EndGlobal
